
Microsoft Visual Studio Solution File, Format Version 12.00
# Visual Studio Version 16
VisualStudioVersion = 16.0.31729.503
MinimumVisualStudioVersion = 10.0.40219.1
Project("{9A19103F-16F7-4668-BE54-9A1E7A4F7556}") = "SpaceVentureAPI", "SpaceVentureAPI\SpaceVentureAPI.csproj", "{1EB7EC26-B5FA-43E9-8F82-794DB34F8556}"
EndProject
Global
	GlobalSection(SolutionConfigurationPlatforms) = preSolution
		Debug|Any CPU = Debug|Any CPU
		Release|Any CPU = Release|Any CPU
	EndGlobalSection
	GlobalSection(ProjectConfigurationPlatforms) = postSolution
		{1EB7EC26-B5FA-43E9-8F82-794DB34F8556}.Debug|Any CPU.ActiveCfg = Debug|Any CPU
		{1EB7EC26-B5FA-43E9-8F82-794DB34F8556}.Debug|Any CPU.Build.0 = Debug|Any CPU
		{1EB7EC26-B5FA-43E9-8F82-794DB34F8556}.Release|Any CPU.ActiveCfg = Release|Any CPU
		{1EB7EC26-B5FA-43E9-8F82-794DB34F8556}.Release|Any CPU.Build.0 = Release|Any CPU
	EndGlobalSection
	GlobalSection(SolutionProperties) = preSolution
		HideSolutionNode = FALSE
	EndGlobalSection
	GlobalSection(ExtensibilityGlobals) = postSolution
		SolutionGuid = {EF0686F2-18FB-4F8C-A3EE-4F7AA924B52F}
	EndGlobalSection
EndGlobal
